
Microsoft Visual Studio Solution File, Format Version 12.00
# Visual Studio 15
VisualStudioVersion = 15.0.27130.2026
MinimumVisualStudioVersion = 10.0.40219.1
Project("{FAE04EC0-301F-11D3-BF4B-00C04F79EFBC}") = "Final Year", "Final Year\Final Year.csproj", "{D65FB5FB-FD37-4E2D-A8D1-8980B4A3D478}"
EndProject
Global
	GlobalSection(SolutionConfigurationPlatforms) = preSolution
		Debug|Any CPU = Debug|Any CPU
		Release|Any CPU = Release|Any CPU
	EndGlobalSection
	GlobalSection(ProjectConfigurationPlatforms) = postSolution
		{D65FB5FB-FD37-4E2D-A8D1-8980B4A3D478}.Debug|Any CPU.ActiveCfg = Debug|Any CPU
		{D65FB5FB-FD37-4E2D-A8D1-8980B4A3D478}.Debug|Any CPU.Build.0 = Debug|Any CPU
		{D65FB5FB-FD37-4E2D-A8D1-8980B4A3D478}.Release|Any CPU.ActiveCfg = Release|Any CPU
		{D65FB5FB-FD37-4E2D-A8D1-8980B4A3D478}.Release|Any CPU.Build.0 = Release|Any CPU
	EndGlobalSection
	GlobalSection(SolutionProperties) = preSolution
		HideSolutionNode = FALSE
	EndGlobalSection
	GlobalSection(ExtensibilityGlobals) = postSolution
		SolutionGuid = {FED44FCE-9446-472F-914E-AB13014C8853}
	EndGlobalSection
EndGlobal
